
Microsoft Visual Studio Solution File, Format Version 12.00
# Visual Studio Version 17
VisualStudioVersion = 17.14.36119.2 d17.14
MinimumVisualStudioVersion = 10.0.40219.1
Project("{FAE04EC0-301F-11D3-BF4B-00C04F79EFBC}") = "EvaluacionWeb", "EvaluacionWeb\EvaluacionWeb.csproj", "{A8E82A6A-1E29-41FB-A4FF-7E1A012F26A9}"
EndProject
Global
	GlobalSection(SolutionConfigurationPlatforms) = preSolution
		Debug|Any CPU = Debug|Any CPU
		Release|Any CPU = Release|Any CPU
	EndGlobalSection
	GlobalSection(ProjectConfigurationPlatforms) = postSolution
		{A8E82A6A-1E29-41FB-A4FF-7E1A012F26A9}.Debug|Any CPU.ActiveCfg = Debug|Any CPU
		{A8E82A6A-1E29-41FB-A4FF-7E1A012F26A9}.Debug|Any CPU.Build.0 = Debug|Any CPU
		{A8E82A6A-1E29-41FB-A4FF-7E1A012F26A9}.Release|Any CPU.ActiveCfg = Release|Any CPU
		{A8E82A6A-1E29-41FB-A4FF-7E1A012F26A9}.Release|Any CPU.Build.0 = Release|Any CPU
	EndGlobalSection
	GlobalSection(SolutionProperties) = preSolution
		HideSolutionNode = FALSE
	EndGlobalSection
	GlobalSection(ExtensibilityGlobals) = postSolution
		SolutionGuid = {337DBC06-09E3-4234-9F3B-8FEFF181CAAF}
	EndGlobalSection
EndGlobal
